{
  "version": "5",
  "specifiers": {
    "jsr:@std/assert@1": "1.0.13",
    "jsr:@std/internal@^1.0.6": "1.0.6",
    "npm:@twurple/auth@^7.3.0": "7.3.0",
    "npm:@twurple/chat@^7.3.0": "7.3.0_@twurple+auth@7.3.0",
    "npm:osc-min@^2.1.2": "2.1.2"
  },
  "jsr": {
    "@std/assert@1.0.13": {
      "integrity": "ae0d31e41919b12c656c742b22522c32fb26ed0cba32975cb0de2a273cb68b29",
      "dependencies": [
        "jsr:@std/internal"
      ]
    },
    "@std/internal@1.0.6": {
      "integrity": "9533b128f230f73bd209408bb07a4b12f8d4255ab2a4d22a1fd6d87304aca9a4"
    }
  },
  "npm": {
    "@d-fischer/cache-decorators@4.0.1": {
      "integrity": "sha512-HNYLBLWs/t28GFZZeqdIBqq8f37mqDIFO6xNPof94VjpKvuP6ROqCZGafx88dk5zZUlBfViV9jD8iNNlXfc4CA==",
      "dependencies": [
        "@d-fischer/shared-utils",
        "tslib"
      ]
    },
    "@d-fischer/connection@9.0.0_ws@8.17.0": {
      "integrity": "sha512-Mljp/EbaE+eYWfsFXUOk+RfpbHgrWGL/60JkAvjYixw6KREfi5r17XdUiXe54ByAQox6jwgdN2vebdmW1BT+nQ==",
      "dependencies": [
        "@d-fischer/isomorphic-ws",
        "@d-fischer/logger",
        "@d-fischer/shared-utils",
        "@d-fischer/typed-event-emitter",
        "@types/ws",
        "tslib",
        "ws"
      ]
    },
    "@d-fischer/cross-fetch@5.0.5": {
      "integrity": "sha512-symjDUPInTrkfIsZc2n2mo9hiAJLcTJsZkNICjZajEWnWpJ3s3zn50/FY8xpNUAf5w3eFuQii2wxztTGpvG1Xg==",
      "dependencies": [
        "node-fetch"
      ]
    },
    "@d-fischer/deprecate@2.0.2": {
      "integrity": "sha512-wlw3HwEanJFJKctwLzhfOM6LKwR70FPfGZGoKOhWBKyOPXk+3a9Cc6S9zhm6tka7xKtpmfxVIReGUwPnMbIaZg=="
    },
    "@d-fischer/detect-node@3.0.1": {
      "integrity": "sha512-0Rf3XwTzuTh8+oPZW9SfxTIiL+26RRJ0BRPwj5oVjZFyFKmsj9RGfN2zuTRjOuA3FCK/jYm06HOhwNK+8Pfv8w=="
    },
    "@d-fischer/escape-string-regexp@5.0.0": {
      "integrity": "sha512-7eoxnxcto5eVPW5h1T+ePnVFukmI9f/ZR9nlBLh1t3kyzJDUNor2C+YW9H/Terw3YnbZSDgDYrpCJCHtOtAQHw=="
    },
    "@d-fischer/isomorphic-ws@7.0.2_ws@8.17.0": {
      "integrity": "sha512-xK+qIJUF0ne3dsjq5Y3BviQ4M+gx9dzkN+dPP7abBMje4YRfow+X9jBgeEoTe5e+Q6+8hI9R0b37Okkk8Vf0hQ==",
      "dependencies": [
        "ws"
      ]
    },
    "@d-fischer/logger@4.2.3": {
      "integrity": "sha512-mJUx9OgjrNVLQa4od/+bqnmD164VTCKnK5B4WOW8TX5y/3w2i58p+PMRE45gUuFjk2BVtOZUg55JQM3d619fdw==",
      "dependencies": [
        "@d-fischer/detect-node",
        "@d-fischer/shared-utils",
        "tslib"
      ]
    },
    "@d-fischer/qs@7.0.2": {
      "integrity": "sha512-yAu3xDooiL+ef84Jo8nLjDjWBRk7RXk163Y6aTvRB7FauYd3spQD/dWvgT7R4CrN54Juhrrc3dMY7mc+jZGurQ=="
    },
    "@d-fischer/rate-limiter@1.1.0": {
      "integrity": "sha512-O5HgACwApyCZhp4JTEBEtbv/W3eAwEkrARFvgWnEsDmXgCMWjIHwohWoHre5BW6IYXFSHBGsuZB/EvNL3942kQ==",
      "dependencies": [
        "@d-fischer/logger",
        "@d-fischer/shared-utils",
        "tslib"
      ]
    },
    "@d-fischer/shared-utils@3.6.4": {
      "integrity": "sha512-BPkVLHfn2Lbyo/ENDBwtEB8JVQ+9OzkjJhUunLaxkw4k59YFlQxUUwlDBejVSFcpQT0t+D3CQlX+ySZnQj0wxw==",
      "dependencies": [
        "tslib"
      ]
    },
    "@d-fischer/typed-event-emitter@3.3.3": {
      "integrity": "sha512-OvSEOa8icfdWDqcRtjSEZtgJTFOFNgTjje7zaL0+nAtu2/kZtRCSK5wUMrI/aXtCH8o0Qz2vA8UqkhWUTARFQQ==",
      "dependencies": [
        "tslib"
      ]
    },
    "@twurple/api-call@7.3.0": {
      "integrity": "sha512-nx389kXjVphAeR3RfnzkRRf7Qa45wqHla067/mr3YxnUICCg4YOFv0Jb5UohQGHkj5h18mDZ3iUu/x2J49c1lA==",
      "dependencies": [
        "@d-fischer/cross-fetch",
        "@d-fischer/qs",
        "@d-fischer/shared-utils",
        "@twurple/common",
        "tslib"
      ]
    },
    "@twurple/auth@7.3.0": {
      "integrity": "sha512-K68nFbQswfaEVCWP2MEPcxhHRR/N8kIHBP6AnRXzgSpmvWxhjOitz9oyP04di5DI1rJE+2NRauv1qFDyYia/qg==",
      "dependencies": [
        "@d-fischer/logger",
        "@d-fischer/shared-utils",
        "@d-fischer/typed-event-emitter",
        "@twurple/api-call",
        "@twurple/common",
        "tslib"
      ]
    },
    "@twurple/chat@7.3.0_@twurple+auth@7.3.0": {
      "integrity": "sha512-9tdIzDMsLzlI6oybT+yH+HgV5AFAA2ye20Nvbpb73CSVVXljoguCyrHCR0cMMlYJp4wce3pQud5W/DUNmoxKCw==",
      "dependencies": [
        "@d-fischer/cache-decorators",
        "@d-fischer/deprecate",
        "@d-fischer/logger",
        "@d-fischer/rate-limiter",
        "@d-fischer/shared-utils",
        "@d-fischer/typed-event-emitter",
        "@twurple/auth",
        "@twurple/common",
        "ircv3",
        "tslib"
      ]
    },
    "@twurple/common@7.3.0": {
      "integrity": "sha512-BGNniY7PBIohxfpRQ1bsOxUaktZcXZOExq8ojCtnsNBVDlchNEX2fYsere03ZwTLd48XBtxsdaUaeQXbx1aXLw==",
      "dependencies": [
        "@d-fischer/shared-utils",
        "klona",
        "tslib"
      ]
    },
    "@types/node@22.15.15": {
      "integrity": "sha512-R5muMcZob3/Jjchn5LcO8jdKwSCbzqmPB6ruBxMcf9kbxtniZHP327s6C37iOfuw8mbKK3cAQa7sEl7afLrQ8A==",
      "dependencies": [
        "undici-types"
      ]
    },
    "@types/ws@8.18.1": {
      "integrity": "sha512-ThVF6DCVhA8kUGy+aazFQ4kXQ7E1Ty7A3ypFOe0IcJV8O/M511G99AW24irKrW56Wt44yG9+ij8FaqoBGkuBXg==",
      "dependencies": [
        "@types/node"
      ]
    },
    "ircv3@0.33.0": {
      "integrity": "sha512-7rK1Aial3LBiFycE8w3MHiBBFb41/2GG2Ll/fR2IJj1vx0pLpn1s+78K+z/I4PZTqCCSp/Sb4QgKMh3NMhx0Kg==",
      "dependencies": [
        "@d-fischer/connection",
        "@d-fischer/escape-string-regexp",
        "@d-fischer/logger",
        "@d-fischer/shared-utils",
        "@d-fischer/typed-event-emitter",
        "klona",
        "tslib"
      ]
    },
    "klona@2.0.6": {
      "integrity": "sha512-dhG34DXATL5hSxJbIexCft8FChFXtmskoZYnoPWjXQuebWYCNkVeV3KkGegCK9CP1oswI/vQibS2GY7Em/sJJA=="
    },
    "node-fetch@2.7.0": {
      "integrity": "sha512-c4FRfUm/dbcWZ7U+1Wq0AwCyFL+3nt2bEw05wfxSz+DWpWsitgmSgYmy2dQdWyKC1694ELPqMs/YzUSNozLt8A==",
      "dependencies": [
        "whatwg-url"
      ]
    },
    "osc-min@2.1.2": {
      "integrity": "sha512-dEhg7wBJ+QTHqY4iwnctkaFWzXLq+yHA2olxYfnxBw1fMy/iWJ/b7ovfXfwc/yxLXGiUHQhTxlQSHzL8ueHz6Q=="
    },
    "tr46@0.0.3": {
      "integrity": "sha512-N3WMsuqV66lT30CrXNbEjx4GEwlow3v6rr4mCcv6prnfwhS01rkgyFdjPNBYd9br7LpXV1+Emh01fHnq2Gdgrw=="
    },
    "tslib@2.6.3": {
      "integrity": "sha512-xNvxJEOUiWPGhUuUdQgAJPKOOJfGnIyKySOc09XkKsgdUV/3E2zvwZYdejjmRgPCgcym1juLH3226yA7sEFJKQ=="
    },
    "undici-types@6.21.0": {
      "integrity": "sha512-iwDZqg0QAGrg9Rav5H4n0M64c3mkR59cJ6wQp+7C4nI0gsmExaedaYLNO44eT4AtBBwjbTiGPMlt2Md0T9H9JQ=="
    },
    "webidl-conversions@3.0.1": {
      "integrity": "sha512-2JAn3z8AR6rjK8Sm8orRC0h/bcl/DqL7tRPdGZ4I1CjdF+EaMLmYxBHyXuKL849eucPFhvBoxMsflfOb8kxaeQ=="
    },
    "whatwg-url@5.0.0": {
      "integrity": "sha512-saE57nupxk6v3HY35+jzBwYa0rKSy0XR8JSxZPwgLr7ys0IBzhGviA1/TUGJLmSVqs8pb9AnvICXEuOHLprYTw==",
      "dependencies": [
        "tr46",
        "webidl-conversions"
      ]
    },
    "ws@8.17.0": {
      "integrity": "sha512-uJq6108EgZMAl20KagGkzCKfMEjxmKvZHG7Tlq0Z6nOky7YF7aq4mOx6xK8TJ/i1LeK4Qus7INktacctDgY8Ow=="
    }
  },
  "workspace": {
    "dependencies": [
      "jsr:@std/assert@1",
      "npm:@twurple/auth@^7.3.0",
      "npm:@twurple/chat@^7.3.0",
      "npm:osc-min@^2.1.2"
    ]
  }
}
